# THIS IS AN AUTOGENERATED FILE. DO NOT EDIT THIS FILE DIRECTLY.
# yarn lockfile v1


dompurify@^2.3.0:
  version "2.3.0"
  resolved "https://registry.yarnpkg.com/dompurify/-/dompurify-2.3.0.tgz#07bb39515e491588e5756b1d3e8375b5964814e2"
  integrity sha512-VV5C6Kr53YVHGOBKO/F86OYX6/iLTw2yVSI721gKetxpHCK/V5TaLEf9ODjRgl1KLSWRMY6cUhAbv/c+IUnwQw==
